<?xml version="1.0" encoding="utf-8"?>
<Project ToolsVersion="4.0" xmlns="http://schemas.microsoft.com/developer/msbuild/2003">
  <ItemGroup>
    <Filter Include="Source Files">
      <UniqueIdentifier>{4FC737F1-C7A5-4376-A066-2A32D752A2FF}</UniqueIdentifier>
      <Extensions>cpp;c;cc;cxx;c++;cppm;ixx;def;odl;idl;hpj;bat;asm;asmx</Extensions>
    </Filter>
    <Filter Include="Header Files">
      <UniqueIdentifier>{93995380-89BD-4b04-88EB-625FBE52EBFB}</UniqueIdentifier>
      <Extensions>h;hh;hpp;hxx;h++;hm;inl;inc;ipp;xsd</Extensions>
    </Filter>
    <Filter Include="Resource Files">
      <UniqueIdentifier>{67DA6AB6-F800-4c08-8B7A-83BB121AAD01}</UniqueIdentifier>
      <Extensions>rc;ico;cur;bmp;dlg;rc2;rct;bin;rgs;gif;jpg;jpeg;jpe;resx;tiff;tif;png;wav;mfcribbon-ms</Extensions>
    </Filter>
  </ItemGroup>
  <ItemGroup>
    <ClInclude Include="code\BitmapStore.h">
      <Filter>Header Files</Filter>
    </ClInclude>
    <ClInclude Include="code\BlueprintObjectParser.h">
      <Filter>Header Files</Filter>
    </ClInclude>
    <ClInclude Include="code\BulletSpawner.h">
      <Filter>Header Files</Filter>
    </ClInclude>
    <ClInclude Include="code\BulletUpdateComponent.h">
      <Filter>Header Files</Filter>
    </ClInclude>
    <ClInclude Include="code\Button.h">
      <Filter>Header Files</Filter>
    </ClInclude>
    <ClInclude Include="code\ColliderComponent.h">
      <Filter>Header Files</Filter>
    </ClInclude>
    <ClInclude Include="code\Component.h">
      <Filter>Header Files</Filter>
    </ClInclude>
    <ClInclude Include="code\DevelopState.h">
      <Filter>Header Files</Filter>
    </ClInclude>
    <ClInclude Include="code\GameEngine.h">
      <Filter>Header Files</Filter>
    </ClInclude>
    <ClInclude Include="code\GameInputHandler.h">
      <Filter>Header Files</Filter>
    </ClInclude>
    <ClInclude Include="code\GameObject.h">
      <Filter>Header Files</Filter>
    </ClInclude>
    <ClInclude Include="code\GameObjectBlueprint.h">
      <Filter>Header Files</Filter>
    </ClInclude>
    <ClInclude Include="code\GameObjectFactoryPlayMode.h">
      <Filter>Header Files</Filter>
    </ClInclude>
    <ClInclude Include="code\GameObjectSharer.h">
      <Filter>Header Files</Filter>
    </ClInclude>
    <ClInclude Include="code\GameOverInputHandler.h">
      <Filter>Header Files</Filter>
    </ClInclude>
    <ClInclude Include="code\GameOverUIPanel.h">
      <Filter>Header Files</Filter>
    </ClInclude>
    <ClInclude Include="code\GameScreen.h">
      <Filter>Header Files</Filter>
    </ClInclude>
    <ClInclude Include="code\GameUIPanel.h">
      <Filter>Header Files</Filter>
    </ClInclude>
    <ClInclude Include="code\GraphicsComponent.h">
      <Filter>Header Files</Filter>
    </ClInclude>
    <ClInclude Include="code\InputHandler.h">
      <Filter>Header Files</Filter>
    </ClInclude>
    <ClInclude Include="code\InvaderUpdateComponent.h">
      <Filter>Header Files</Filter>
    </ClInclude>
    <ClInclude Include="code\LevelManager.h">
      <Filter>Header Files</Filter>
    </ClInclude>
    <ClInclude Include="code\ObjectTags.h">
      <Filter>Header Files</Filter>
    </ClInclude>
    <ClInclude Include="code\PhysicsEnginePlayMode.h">
      <Filter>Header Files</Filter>
    </ClInclude>
    <ClInclude Include="code\PlayerUpdateComponent.h">
      <Filter>Header Files</Filter>
    </ClInclude>
    <ClInclude Include="code\PlayModeObjectLoader.h">
      <Filter>Header Files</Filter>
    </ClInclude>
    <ClInclude Include="code\RectColliderComponent.h">
      <Filter>Header Files</Filter>
    </ClInclude>
    <ClInclude Include="code\Screen.h">
      <Filter>Header Files</Filter>
    </ClInclude>
    <ClInclude Include="code\ScreenManager.h">
      <Filter>Header Files</Filter>
    </ClInclude>
    <ClInclude Include="code\ScreenManagerRemoteControl.h">
      <Filter>Header Files</Filter>
    </ClInclude>
    <ClInclude Include="code\SelectInputHandler.h">
      <Filter>Header Files</Filter>
    </ClInclude>
    <ClInclude Include="code\SelectScreen.h">
      <Filter>Header Files</Filter>
    </ClInclude>
    <ClInclude Include="code\SelectUIPanel.h">
      <Filter>Header Files</Filter>
    </ClInclude>
    <ClInclude Include="code\SoundEngine.h">
      <Filter>Header Files</Filter>
    </ClInclude>
    <ClInclude Include="code\StandardGraphicsComponent.h">
      <Filter>Header Files</Filter>
    </ClInclude>
    <ClInclude Include="code\TransformComponent.h">
      <Filter>Header Files</Filter>
    </ClInclude>
    <ClInclude Include="code\UIPanel.h">
      <Filter>Header Files</Filter>
    </ClInclude>
    <ClInclude Include="code\UpdateComponent.h">
      <Filter>Header Files</Filter>
    </ClInclude>
    <ClInclude Include="code\WorldState.h">
      <Filter>Header Files</Filter>
    </ClInclude>
  </ItemGroup>
  <ItemGroup>
    <ClCompile Include="code\BitmapStore.cpp">
      <Filter>Source Files</Filter>
    </ClCompile>
    <ClCompile Include="code\BlueprintObjectParser.cpp">
      <Filter>Source Files</Filter>
    </ClCompile>
    <ClCompile Include="code\BulletSpawner.cpp">
      <Filter>Source Files</Filter>
    </ClCompile>
    <ClCompile Include="code\BulletUpdateComponent.cpp">
      <Filter>Source Files</Filter>
    </ClCompile>
    <ClCompile Include="code\Button.cpp">
      <Filter>Source Files</Filter>
    </ClCompile>
    <ClCompile Include="code\ColliderComponent.cpp">
      <Filter>Source Files</Filter>
    </ClCompile>
    <ClCompile Include="code\Component.cpp">
      <Filter>Source Files</Filter>
    </ClCompile>
    <ClCompile Include="code\GameEngine.cpp">
      <Filter>Source Files</Filter>
    </ClCompile>
    <ClCompile Include="code\GameInputHandler.cpp">
      <Filter>Source Files</Filter>
    </ClCompile>
    <ClCompile Include="code\GameObject.cpp">
      <Filter>Source Files</Filter>
    </ClCompile>
    <ClCompile Include="code\GameObjectBlueprint.cpp">
      <Filter>Source Files</Filter>
    </ClCompile>
    <ClCompile Include="code\GameObjectFactoryPlayMode.cpp">
      <Filter>Source Files</Filter>
    </ClCompile>
    <ClCompile Include="code\GameOverInputHandler.cpp">
      <Filter>Source Files</Filter>
    </ClCompile>
    <ClCompile Include="code\GameOverUIPanel.cpp">
      <Filter>Source Files</Filter>
    </ClCompile>
    <ClCompile Include="code\GameScreen.cpp">
      <Filter>Source Files</Filter>
    </ClCompile>
    <ClCompile Include="code\GameUIPanel.cpp">
      <Filter>Source Files</Filter>
    </ClCompile>
    <ClCompile Include="code\GraphicsComponent.cpp">
      <Filter>Source Files</Filter>
    </ClCompile>
    <ClCompile Include="code\InputHandler.cpp">
      <Filter>Source Files</Filter>
    </ClCompile>
    <ClCompile Include="code\InvaderUpdateComponent.cpp">
      <Filter>Source Files</Filter>
    </ClCompile>
    <ClCompile Include="code\LevelManager.cpp">
      <Filter>Source Files</Filter>
    </ClCompile>
    <ClCompile Include="code\ObjectTags.cpp">
      <Filter>Source Files</Filter>
    </ClCompile>
    <ClCompile Include="code\PhysicsEnginePlayMode.cpp">
      <Filter>Source Files</Filter>
    </ClCompile>
    <ClCompile Include="code\PlayerUpdateComponent.cpp">
      <Filter>Source Files</Filter>
    </ClCompile>
    <ClCompile Include="code\PlayModeObjectLoader.cpp">
      <Filter>Source Files</Filter>
    </ClCompile>
    <ClCompile Include="code\RectColliderComponent.cpp">
      <Filter>Source Files</Filter>
    </ClCompile>
    <ClCompile Include="code\Screen.cpp">
      <Filter>Source Files</Filter>
    </ClCompile>
    <ClCompile Include="code\ScreenManager.cpp">
      <Filter>Source Files</Filter>
    </ClCompile>
    <ClCompile Include="code\ScreenManagerRemoteControl.cpp">
      <Filter>Source Files</Filter>
    </ClCompile>
    <ClCompile Include="code\SelectInputHandler.cpp">
      <Filter>Source Files</Filter>
    </ClCompile>
    <ClCompile Include="code\SelectScreen.cpp">
      <Filter>Source Files</Filter>
    </ClCompile>
    <ClCompile Include="code\SelectUIPanel.cpp">
      <Filter>Source Files</Filter>
    </ClCompile>
    <ClCompile Include="code\SoundEngine.cpp">
      <Filter>Source Files</Filter>
    </ClCompile>
    <ClCompile Include="code\Space Invaders ++.cpp">
      <Filter>Source Files</Filter>
    </ClCompile>
    <ClCompile Include="code\StandardGraphicsComponent.cpp">
      <Filter>Source Files</Filter>
    </ClCompile>
    <ClCompile Include="code\TransformComponent.cpp">
      <Filter>Source Files</Filter>
    </ClCompile>
    <ClCompile Include="code\UIPanel.cpp">
      <Filter>Source Files</Filter>
    </ClCompile>
    <ClCompile Include="code\UpdateComponent.cpp">
      <Filter>Source Files</Filter>
    </ClCompile>
  </ItemGroup>
</Project>